{
  "requires": true,
  "lockfileVersion": 1,
  "dependencies": {
    "angular-lightweight-youtube-embed": {
      "version": "1.0.1",
      "resolved": "https://registry.npmjs.org/angular-lightweight-youtube-embed/-/angular-lightweight-youtube-embed-1.0.1.tgz",
      "integrity": "sha1-vVBpzBy9VQ7mKDlBZ3KZK7bghRo="
    }
  }
}
